
Microsoft Visual Studio Solution File, Format Version 12.00
# Visual Studio Version 17
VisualStudioVersion = 17.3.32922.545
MinimumVisualStudioVersion = 10.0.40219.1
Project("{FAE04EC0-301F-11D3-BF4B-00C04F79EFBC}") = "Outcompute.Toolkit", "Sources\Outcompute.Toolkit\Outcompute.Toolkit.csproj", "{5857766E-F39E-43EA-9DEC-924E0954DFD7}"
EndProject
Project("{2150E333-8FDC-42A3-9474-1A3956D46DE8}") = "Solution Items", "Solution Items", "{8A6703CD-B6A9-4495-9D2F-4F3BB2D6BD31}"
	ProjectSection(SolutionItems) = preProject
		Directory.Build.props = Directory.Build.props
	EndProjectSection
EndProject
Project("{FAE04EC0-301F-11D3-BF4B-00C04F79EFBC}") = "Outcompute.Toolkit.HighPerformance", "Outcompute.Toolkit.HighPerformance\Outcompute.Toolkit.HighPerformance.csproj", "{E30A4F30-8C64-4093-98B4-E372D94E43C0}"
EndProject
Global
	GlobalSection(SolutionConfigurationPlatforms) = preSolution
		Debug|Any CPU = Debug|Any CPU
		Release|Any CPU = Release|Any CPU
	EndGlobalSection
	GlobalSection(ProjectConfigurationPlatforms) = postSolution
		{5857766E-F39E-43EA-9DEC-924E0954DFD7}.Debug|Any CPU.ActiveCfg = Debug|Any CPU
		{5857766E-F39E-43EA-9DEC-924E0954DFD7}.Debug|Any CPU.Build.0 = Debug|Any CPU
		{5857766E-F39E-43EA-9DEC-924E0954DFD7}.Release|Any CPU.ActiveCfg = Release|Any CPU
		{5857766E-F39E-43EA-9DEC-924E0954DFD7}.Release|Any CPU.Build.0 = Release|Any CPU
		{E30A4F30-8C64-4093-98B4-E372D94E43C0}.Debug|Any CPU.ActiveCfg = Debug|Any CPU
		{E30A4F30-8C64-4093-98B4-E372D94E43C0}.Debug|Any CPU.Build.0 = Debug|Any CPU
		{E30A4F30-8C64-4093-98B4-E372D94E43C0}.Release|Any CPU.ActiveCfg = Release|Any CPU
		{E30A4F30-8C64-4093-98B4-E372D94E43C0}.Release|Any CPU.Build.0 = Release|Any CPU
	EndGlobalSection
	GlobalSection(SolutionProperties) = preSolution
		HideSolutionNode = FALSE
	EndGlobalSection
	GlobalSection(ExtensibilityGlobals) = postSolution
		SolutionGuid = {5BA33F1E-CAA5-4AA3-BE43-FD2A1D198FF8}
	EndGlobalSection
EndGlobal
