
Microsoft Visual Studio Solution File, Format Version 12.00
# Visual Studio Version 17
VisualStudioVersion = 17.3.32922.545
MinimumVisualStudioVersion = 10.0.40219.1
Project("{9A19103F-16F7-4668-BE54-9A1E7A4F7556}") = "Outcompute.Toolkit", "Sources\Outcompute.Toolkit\Outcompute.Toolkit.csproj", "{5857766E-F39E-43EA-9DEC-924E0954DFD7}"
EndProject
Project("{2150E333-8FDC-42A3-9474-1A3956D46DE8}") = "Solution Items", "Solution Items", "{8A6703CD-B6A9-4495-9D2F-4F3BB2D6BD31}"
	ProjectSection(SolutionItems) = preProject
		Directory.Build.props = Directory.Build.props
	EndProjectSection
EndProject
Project("{9A19103F-16F7-4668-BE54-9A1E7A4F7556}") = "Outcompute.Toolkit.HighPerformance", "Sources\Outcompute.Toolkit.HighPerformance\Outcompute.Toolkit.HighPerformance.csproj", "{D0951BEC-6BC8-4DCA-A455-4246CF54C09F}"
EndProject
Project("{2150E333-8FDC-42A3-9474-1A3956D46DE8}") = "Tests", "Tests", "{8B10E0AA-3CD7-4DE6-A875-10C74B099202}"
EndProject
Project("{9A19103F-16F7-4668-BE54-9A1E7A4F7556}") = "Outcompute.Toolkit.HighPerformance.Tests", "Tests\Outcompute.Toolkit.HighPerformance.Tests\Outcompute.Toolkit.HighPerformance.Tests.csproj", "{032E0EF8-081A-4037-B9D8-19901544AF74}"
EndProject
Project("{9A19103F-16F7-4668-BE54-9A1E7A4F7556}") = "Outcompute.Toolkit.AutoMapper", "Sources\Outcompute.Toolkit.AutoMapper\Outcompute.Toolkit.AutoMapper.csproj", "{2CE88B47-EB6A-4154-AFDB-7A638B2C7469}"
EndProject
Project("{9A19103F-16F7-4668-BE54-9A1E7A4F7556}") = "Outcompute.Toolkit.AutoMapper.Tests", "Tests\Outcompute.Toolkit.AutoMapper.Tests\Outcompute.Toolkit.AutoMapper.Tests.csproj", "{019393ED-0BF2-446F-BB58-3EAFC2302015}"
EndProject
Project("{9A19103F-16F7-4668-BE54-9A1E7A4F7556}") = "Outcompute.Toolkit.Core", "Sources\Outcompute.Toolkit.Core\Outcompute.Toolkit.Core.csproj", "{9F74F91D-1431-4B01-A18D-198931B078A0}"
EndProject
Project("{9A19103F-16F7-4668-BE54-9A1E7A4F7556}") = "Outcompute.Toolkit.Core.Tests", "Tests\Outcompute.Toolkit.Core.Tests\Outcompute.Toolkit.Core.Tests.csproj", "{B97D382F-0614-4A06-BF14-663A18673C30}"
EndProject
Project("{FAE04EC0-301F-11D3-BF4B-00C04F79EFBC}") = "Outcompute.Toolkit.Core.CodeGenerator", "Sources\Outcompute.Toolkit.Core.CodeGenerator\Outcompute.Toolkit.Core.CodeGenerator.csproj", "{F0D81A58-0E4B-4B9E-86C9-05B05B4F2D86}"
EndProject
Project("{FAE04EC0-301F-11D3-BF4B-00C04F79EFBC}") = "Outcompute.Toolkit.Core.CodeGenerator.Tests", "Sources\Outcompute.Toolkit.Core.CodeGenerator.Tests\Outcompute.Toolkit.Core.CodeGenerator.Tests.csproj", "{9243BF5F-6209-474E-A7F7-06157F6F88DF}"
EndProject
Global
	GlobalSection(SolutionConfigurationPlatforms) = preSolution
		Debug|Any CPU = Debug|Any CPU
		Release|Any CPU = Release|Any CPU
	EndGlobalSection
	GlobalSection(ProjectConfigurationPlatforms) = postSolution
		{5857766E-F39E-43EA-9DEC-924E0954DFD7}.Debug|Any CPU.ActiveCfg = Debug|Any CPU
		{5857766E-F39E-43EA-9DEC-924E0954DFD7}.Debug|Any CPU.Build.0 = Debug|Any CPU
		{5857766E-F39E-43EA-9DEC-924E0954DFD7}.Release|Any CPU.ActiveCfg = Release|Any CPU
		{5857766E-F39E-43EA-9DEC-924E0954DFD7}.Release|Any CPU.Build.0 = Release|Any CPU
		{D0951BEC-6BC8-4DCA-A455-4246CF54C09F}.Debug|Any CPU.ActiveCfg = Debug|Any CPU
		{D0951BEC-6BC8-4DCA-A455-4246CF54C09F}.Debug|Any CPU.Build.0 = Debug|Any CPU
		{D0951BEC-6BC8-4DCA-A455-4246CF54C09F}.Release|Any CPU.ActiveCfg = Release|Any CPU
		{D0951BEC-6BC8-4DCA-A455-4246CF54C09F}.Release|Any CPU.Build.0 = Release|Any CPU
		{032E0EF8-081A-4037-B9D8-19901544AF74}.Debug|Any CPU.ActiveCfg = Debug|Any CPU
		{032E0EF8-081A-4037-B9D8-19901544AF74}.Debug|Any CPU.Build.0 = Debug|Any CPU
		{032E0EF8-081A-4037-B9D8-19901544AF74}.Release|Any CPU.ActiveCfg = Release|Any CPU
		{032E0EF8-081A-4037-B9D8-19901544AF74}.Release|Any CPU.Build.0 = Release|Any CPU
		{2CE88B47-EB6A-4154-AFDB-7A638B2C7469}.Debug|Any CPU.ActiveCfg = Debug|Any CPU
		{2CE88B47-EB6A-4154-AFDB-7A638B2C7469}.Debug|Any CPU.Build.0 = Debug|Any CPU
		{2CE88B47-EB6A-4154-AFDB-7A638B2C7469}.Release|Any CPU.ActiveCfg = Release|Any CPU
		{2CE88B47-EB6A-4154-AFDB-7A638B2C7469}.Release|Any CPU.Build.0 = Release|Any CPU
		{019393ED-0BF2-446F-BB58-3EAFC2302015}.Debug|Any CPU.ActiveCfg = Debug|Any CPU
		{019393ED-0BF2-446F-BB58-3EAFC2302015}.Debug|Any CPU.Build.0 = Debug|Any CPU
		{019393ED-0BF2-446F-BB58-3EAFC2302015}.Release|Any CPU.ActiveCfg = Release|Any CPU
		{019393ED-0BF2-446F-BB58-3EAFC2302015}.Release|Any CPU.Build.0 = Release|Any CPU
		{9F74F91D-1431-4B01-A18D-198931B078A0}.Debug|Any CPU.ActiveCfg = Debug|Any CPU
		{9F74F91D-1431-4B01-A18D-198931B078A0}.Debug|Any CPU.Build.0 = Debug|Any CPU
		{9F74F91D-1431-4B01-A18D-198931B078A0}.Release|Any CPU.ActiveCfg = Release|Any CPU
		{9F74F91D-1431-4B01-A18D-198931B078A0}.Release|Any CPU.Build.0 = Release|Any CPU
		{B97D382F-0614-4A06-BF14-663A18673C30}.Debug|Any CPU.ActiveCfg = Debug|Any CPU
		{B97D382F-0614-4A06-BF14-663A18673C30}.Debug|Any CPU.Build.0 = Debug|Any CPU
		{B97D382F-0614-4A06-BF14-663A18673C30}.Release|Any CPU.ActiveCfg = Release|Any CPU
		{B97D382F-0614-4A06-BF14-663A18673C30}.Release|Any CPU.Build.0 = Release|Any CPU
		{F0D81A58-0E4B-4B9E-86C9-05B05B4F2D86}.Debug|Any CPU.ActiveCfg = Debug|Any CPU
		{F0D81A58-0E4B-4B9E-86C9-05B05B4F2D86}.Debug|Any CPU.Build.0 = Debug|Any CPU
		{F0D81A58-0E4B-4B9E-86C9-05B05B4F2D86}.Release|Any CPU.ActiveCfg = Release|Any CPU
		{F0D81A58-0E4B-4B9E-86C9-05B05B4F2D86}.Release|Any CPU.Build.0 = Release|Any CPU
		{9243BF5F-6209-474E-A7F7-06157F6F88DF}.Debug|Any CPU.ActiveCfg = Debug|Any CPU
		{9243BF5F-6209-474E-A7F7-06157F6F88DF}.Debug|Any CPU.Build.0 = Debug|Any CPU
		{9243BF5F-6209-474E-A7F7-06157F6F88DF}.Release|Any CPU.ActiveCfg = Release|Any CPU
		{9243BF5F-6209-474E-A7F7-06157F6F88DF}.Release|Any CPU.Build.0 = Release|Any CPU
	EndGlobalSection
	GlobalSection(SolutionProperties) = preSolution
		HideSolutionNode = FALSE
	EndGlobalSection
	GlobalSection(NestedProjects) = preSolution
		{032E0EF8-081A-4037-B9D8-19901544AF74} = {8B10E0AA-3CD7-4DE6-A875-10C74B099202}
		{019393ED-0BF2-446F-BB58-3EAFC2302015} = {8B10E0AA-3CD7-4DE6-A875-10C74B099202}
		{B97D382F-0614-4A06-BF14-663A18673C30} = {8B10E0AA-3CD7-4DE6-A875-10C74B099202}
		{9243BF5F-6209-474E-A7F7-06157F6F88DF} = {8B10E0AA-3CD7-4DE6-A875-10C74B099202}
	EndGlobalSection
	GlobalSection(ExtensibilityGlobals) = postSolution
		SolutionGuid = {5BA33F1E-CAA5-4AA3-BE43-FD2A1D198FF8}
	EndGlobalSection
EndGlobal
